
Microsoft Visual Studio Solution File, Format Version 12.00
# Visual Studio Version 16
VisualStudioVersion = 25.0.1706.2
MinimumVisualStudioVersion = 10.0.40219.1
Project("{FAE04EC0-301F-11D3-BF4B-00C04F79EFBC}") = "AppServices-WebApp", "AppServices-WebApp.csproj", "{D12F2DAD-4DA6-41E6-9B2F-E56157D1C503}"
EndProject
Global
	GlobalSection(SolutionConfigurationPlatforms) = preSolution
		Debug|Any CPU = Debug|Any CPU
		Release|Any CPU = Release|Any CPU
	EndGlobalSection
	GlobalSection(ProjectConfigurationPlatforms) = postSolution
		{D12F2DAD-4DA6-41E6-9B2F-E56157D1C503}.Debug|Any CPU.ActiveCfg = Debug|Any CPU
		{D12F2DAD-4DA6-41E6-9B2F-E56157D1C503}.Debug|Any CPU.Build.0 = Debug|Any CPU
		{D12F2DAD-4DA6-41E6-9B2F-E56157D1C503}.Release|Any CPU.ActiveCfg = Release|Any CPU
		{D12F2DAD-4DA6-41E6-9B2F-E56157D1C503}.Release|Any CPU.Build.0 = Release|Any CPU
	EndGlobalSection
	GlobalSection(SolutionProperties) = preSolution
		HideSolutionNode = FALSE
	EndGlobalSection
	GlobalSection(ExtensibilityGlobals) = postSolution
		SolutionGuid = {C2C7870F-D97E-450E-99F6-F4E026B0BE98}
	EndGlobalSection
EndGlobal
